
Microsoft Visual Studio Solution File, Format Version 12.00
# Visual Studio Version 17
VisualStudioVersion = 17.10.35122.118
MinimumVisualStudioVersion = 10.0.40219.1
Project("{2150E333-8FDC-42A3-9474-1A3956D46DE8}") = "src", "src", "{35EA6189-08BD-458D-9FE8-090D2773BFEC}"
EndProject
Project("{9A19103F-16F7-4668-BE54-9A1E7A4F7556}") = "GymManagement.Api", "src\GymManagement.Api\GymManagement.Api.csproj", "{AEBB1107-F7FE-45E7-96D7-6EE9181779B8}"
EndProject
Project("{9A19103F-16F7-4668-BE54-9A1E7A4F7556}") = "GymManagement.Application", "src\GymManagement.Application\GymManagement.Application.csproj", "{F524E856-2592-4E15-9B8F-626D4BD653D2}"
EndProject
Project("{9A19103F-16F7-4668-BE54-9A1E7A4F7556}") = "GymManagement.Domain", "src\GymManagement.Domain\GymManagement.Domain.csproj", "{03CABCB5-C920-4F53-9B46-86F25262057E}"
EndProject
Project("{9A19103F-16F7-4668-BE54-9A1E7A4F7556}") = "GymManagement.Infrastructure", "src\GymManagement.Infrastructure\GymManagement.Infrastructure.csproj", "{F80E8F74-F8FC-4387-9D4C-E06AA25C8522}"
EndProject
Project("{2150E333-8FDC-42A3-9474-1A3956D46DE8}") = "requests", "requests", "{C0392DF9-F352-45E4-84C7-A13C6E2CFBAC}"
EndProject
Project("{9A19103F-16F7-4668-BE54-9A1E7A4F7556}") = "GymManagement.Contracts", "src\GymManagement.Contracts\GymManagement.Contracts.csproj", "{393DA209-9389-4975-B4CD-32E4751AA8A1}"
EndProject
Project("{2150E333-8FDC-42A3-9474-1A3956D46DE8}") = "Subscriptions", "Subscriptions", "{93240887-C96B-4CB3-A56D-D68DD51AC817}"
	ProjectSection(SolutionItems) = preProject
		requests\Subscriptions\CreateSubscription.http = requests\Subscriptions\CreateSubscription.http
		requests\Subscriptions\DeleteSubscription.http = requests\Subscriptions\DeleteSubscription.http
		requests\Subscriptions\GetSubscription.http = requests\Subscriptions\GetSubscription.http
	EndProjectSection
EndProject
Project("{2150E333-8FDC-42A3-9474-1A3956D46DE8}") = "Gyms", "Gyms", "{344860EA-EA7E-4671-8C47-8BFFC508B2C9}"
	ProjectSection(SolutionItems) = preProject
		requests\Gyms\AddTrainer.http = requests\Gyms\AddTrainer.http
		requests\Gyms\CreateGym.http = requests\Gyms\CreateGym.http
		requests\Gyms\DeleteGym.http = requests\Gyms\DeleteGym.http
		requests\Gyms\ListGyms.http = requests\Gyms\ListGyms.http
	EndProjectSection
EndProject
Project("{2150E333-8FDC-42A3-9474-1A3956D46DE8}") = "Rooms", "Rooms", "{B078D0D3-EACB-41E1-8C5A-6DACC0B1C12C}"
	ProjectSection(SolutionItems) = preProject
		requests\Rooms\CreateRoom.http = requests\Rooms\CreateRoom.http
		requests\Rooms\DeleteRoom.http = requests\Rooms\DeleteRoom.http
	EndProjectSection
EndProject
Global
	GlobalSection(SolutionConfigurationPlatforms) = preSolution
		Debug|Any CPU = Debug|Any CPU
		Release|Any CPU = Release|Any CPU
	EndGlobalSection
	GlobalSection(ProjectConfigurationPlatforms) = postSolution
		{AEBB1107-F7FE-45E7-96D7-6EE9181779B8}.Debug|Any CPU.ActiveCfg = Debug|Any CPU
		{AEBB1107-F7FE-45E7-96D7-6EE9181779B8}.Debug|Any CPU.Build.0 = Debug|Any CPU
		{AEBB1107-F7FE-45E7-96D7-6EE9181779B8}.Release|Any CPU.ActiveCfg = Release|Any CPU
		{AEBB1107-F7FE-45E7-96D7-6EE9181779B8}.Release|Any CPU.Build.0 = Release|Any CPU
		{F524E856-2592-4E15-9B8F-626D4BD653D2}.Debug|Any CPU.ActiveCfg = Debug|Any CPU
		{F524E856-2592-4E15-9B8F-626D4BD653D2}.Debug|Any CPU.Build.0 = Debug|Any CPU
		{F524E856-2592-4E15-9B8F-626D4BD653D2}.Release|Any CPU.ActiveCfg = Release|Any CPU
		{F524E856-2592-4E15-9B8F-626D4BD653D2}.Release|Any CPU.Build.0 = Release|Any CPU
		{03CABCB5-C920-4F53-9B46-86F25262057E}.Debug|Any CPU.ActiveCfg = Debug|Any CPU
		{03CABCB5-C920-4F53-9B46-86F25262057E}.Debug|Any CPU.Build.0 = Debug|Any CPU
		{03CABCB5-C920-4F53-9B46-86F25262057E}.Release|Any CPU.ActiveCfg = Release|Any CPU
		{03CABCB5-C920-4F53-9B46-86F25262057E}.Release|Any CPU.Build.0 = Release|Any CPU
		{F80E8F74-F8FC-4387-9D4C-E06AA25C8522}.Debug|Any CPU.ActiveCfg = Debug|Any CPU
		{F80E8F74-F8FC-4387-9D4C-E06AA25C8522}.Debug|Any CPU.Build.0 = Debug|Any CPU
		{F80E8F74-F8FC-4387-9D4C-E06AA25C8522}.Release|Any CPU.ActiveCfg = Release|Any CPU
		{F80E8F74-F8FC-4387-9D4C-E06AA25C8522}.Release|Any CPU.Build.0 = Release|Any CPU
		{393DA209-9389-4975-B4CD-32E4751AA8A1}.Debug|Any CPU.ActiveCfg = Debug|Any CPU
		{393DA209-9389-4975-B4CD-32E4751AA8A1}.Debug|Any CPU.Build.0 = Debug|Any CPU
		{393DA209-9389-4975-B4CD-32E4751AA8A1}.Release|Any CPU.ActiveCfg = Release|Any CPU
		{393DA209-9389-4975-B4CD-32E4751AA8A1}.Release|Any CPU.Build.0 = Release|Any CPU
	EndGlobalSection
	GlobalSection(SolutionProperties) = preSolution
		HideSolutionNode = FALSE
	EndGlobalSection
	GlobalSection(NestedProjects) = preSolution
		{AEBB1107-F7FE-45E7-96D7-6EE9181779B8} = {35EA6189-08BD-458D-9FE8-090D2773BFEC}
		{F524E856-2592-4E15-9B8F-626D4BD653D2} = {35EA6189-08BD-458D-9FE8-090D2773BFEC}
		{03CABCB5-C920-4F53-9B46-86F25262057E} = {35EA6189-08BD-458D-9FE8-090D2773BFEC}
		{F80E8F74-F8FC-4387-9D4C-E06AA25C8522} = {35EA6189-08BD-458D-9FE8-090D2773BFEC}
		{393DA209-9389-4975-B4CD-32E4751AA8A1} = {35EA6189-08BD-458D-9FE8-090D2773BFEC}
		{93240887-C96B-4CB3-A56D-D68DD51AC817} = {C0392DF9-F352-45E4-84C7-A13C6E2CFBAC}
		{344860EA-EA7E-4671-8C47-8BFFC508B2C9} = {C0392DF9-F352-45E4-84C7-A13C6E2CFBAC}
		{B078D0D3-EACB-41E1-8C5A-6DACC0B1C12C} = {C0392DF9-F352-45E4-84C7-A13C6E2CFBAC}
	EndGlobalSection
	GlobalSection(ExtensibilityGlobals) = postSolution
		SolutionGuid = {55C18BAF-5A9B-4EAD-8E1A-B6804D498046}
	EndGlobalSection
EndGlobal
