
Microsoft Visual Studio Solution File, Format Version 12.00
# Visual Studio Version 17
VisualStudioVersion = 17.10.35122.118
MinimumVisualStudioVersion = 10.0.40219.1
Project("{2150E333-8FDC-42A3-9474-1A3956D46DE8}") = "src", "src", "{35EA6189-08BD-458D-9FE8-090D2773BFEC}"
EndProject
Project("{9A19103F-16F7-4668-BE54-9A1E7A4F7556}") = "GymManagement.Api", "src\GymManagement.Api\GymManagement.Api.csproj", "{AEBB1107-F7FE-45E7-96D7-6EE9181779B8}"
EndProject
Project("{9A19103F-16F7-4668-BE54-9A1E7A4F7556}") = "GymManagement.Application", "src\GymManagement.Application\GymManagement.Application.csproj", "{F524E856-2592-4E15-9B8F-626D4BD653D2}"
EndProject
Project("{9A19103F-16F7-4668-BE54-9A1E7A4F7556}") = "GymManagement.Domain", "src\GymManagement.Domain\GymManagement.Domain.csproj", "{03CABCB5-C920-4F53-9B46-86F25262057E}"
EndProject
Project("{9A19103F-16F7-4668-BE54-9A1E7A4F7556}") = "GymManagement.Infrastructure", "src\GymManagement.Infrastructure\GymManagement.Infrastructure.csproj", "{F80E8F74-F8FC-4387-9D4C-E06AA25C8522}"
EndProject
Project("{2150E333-8FDC-42A3-9474-1A3956D46DE8}") = "requests", "requests", "{C0392DF9-F352-45E4-84C7-A13C6E2CFBAC}"
EndProject
Project("{9A19103F-16F7-4668-BE54-9A1E7A4F7556}") = "GymManagement.Contracts", "src\GymManagement.Contracts\GymManagement.Contracts.csproj", "{393DA209-9389-4975-B4CD-32E4751AA8A1}"
EndProject
Project("{2150E333-8FDC-42A3-9474-1A3956D46DE8}") = "Subscriptions", "Subscriptions", "{93240887-C96B-4CB3-A56D-D68DD51AC817}"
	ProjectSection(SolutionItems) = preProject
		requests\Subscriptions\CreateSubscription.http = requests\Subscriptions\CreateSubscription.http
		requests\Subscriptions\DeleteSubscription.http = requests\Subscriptions\DeleteSubscription.http
		requests\Subscriptions\GetSubscription.http = requests\Subscriptions\GetSubscription.http
	EndProjectSection
EndProject
Project("{2150E333-8FDC-42A3-9474-1A3956D46DE8}") = "Gyms", "Gyms", "{344860EA-EA7E-4671-8C47-8BFFC508B2C9}"
	ProjectSection(SolutionItems) = preProject
		requests\Gyms\AddTrainer.http = requests\Gyms\AddTrainer.http
		requests\Gyms\CreateGym.http = requests\Gyms\CreateGym.http
		requests\Gyms\DeleteGym.http = requests\Gyms\DeleteGym.http
		requests\Gyms\ListGyms.http = requests\Gyms\ListGyms.http
	EndProjectSection
EndProject
Project("{2150E333-8FDC-42A3-9474-1A3956D46DE8}") = "Rooms", "Rooms", "{B078D0D3-EACB-41E1-8C5A-6DACC0B1C12C}"
	ProjectSection(SolutionItems) = preProject
		requests\Rooms\CreateRoom.http = requests\Rooms\CreateRoom.http
		requests\Rooms\DeleteRoom.http = requests\Rooms\DeleteRoom.http
	EndProjectSection
EndProject
Project("{2150E333-8FDC-42A3-9474-1A3956D46DE8}") = "tests", "tests", "{BCBDC539-E981-40EB-B8D8-481D3EC75771}"
EndProject
Project("{FAE04EC0-301F-11D3-BF4B-00C04F79EFBC}") = "TestCommon", "tests\TestCommon\TestCommon.csproj", "{25F64A00-81C7-4A28-8208-B74074D7306A}"
EndProject
Project("{FAE04EC0-301F-11D3-BF4B-00C04F79EFBC}") = "GymManagement.Domain.UnitTests", "tests\GymManagement.Domain.UnitTests\GymManagement.Domain.UnitTests.csproj", "{E37F27B2-4BF0-46F7-8685-0EA1A8B0816B}"
EndProject
Project("{FAE04EC0-301F-11D3-BF4B-00C04F79EFBC}") = "GymManagement.Application.UnitTests", "tests\GymManagement.Application.UnitTests\GymManagement.Application.UnitTests.csproj", "{4E9714B0-133A-42CA-996A-9F1C40E1BFC5}"
EndProject
Project("{FAE04EC0-301F-11D3-BF4B-00C04F79EFBC}") = "GymManagement.Application.SubcutaneousTests", "tests\GymManagement.Application.SubcutaneousTests\GymManagement.Application.SubcutaneousTests.csproj", "{DA061FA5-FEF7-4F48-928B-57F0573CC90B}"
EndProject
Project("{FAE04EC0-301F-11D3-BF4B-00C04F79EFBC}") = "GymManagement.Api.IntegrationTests", "tests\GymManagement.Api.IntegrationTests\GymManagement.Api.IntegrationTests.csproj", "{D448EF68-D593-47D3-852D-07452CE354DD}"
EndProject
Project("{2150E333-8FDC-42A3-9474-1A3956D46DE8}") = "Authentication", "Authentication", "{D650A0CA-93CF-4700-8DA2-64F8769ADCFA}"
	ProjectSection(SolutionItems) = preProject
		requests\Authentication\Login.http = requests\Authentication\Login.http
		requests\Authentication\Register.http = requests\Authentication\Register.http
	EndProjectSection
EndProject
Project("{2150E333-8FDC-42A3-9474-1A3956D46DE8}") = "Profiles", "Profiles", "{48E82A64-8DC8-4375-8069-435F8E0AEC21}"
	ProjectSection(SolutionItems) = preProject
		requests\Profiles\CreateProfile.http = requests\Profiles\CreateProfile.http
		requests\Profiles\ListProfiles.http = requests\Profiles\ListProfiles.http
	EndProjectSection
EndProject
Global
	GlobalSection(SolutionConfigurationPlatforms) = preSolution
		Debug|Any CPU = Debug|Any CPU
		Release|Any CPU = Release|Any CPU
	EndGlobalSection
	GlobalSection(ProjectConfigurationPlatforms) = postSolution
		{AEBB1107-F7FE-45E7-96D7-6EE9181779B8}.Debug|Any CPU.ActiveCfg = Debug|Any CPU
		{AEBB1107-F7FE-45E7-96D7-6EE9181779B8}.Debug|Any CPU.Build.0 = Debug|Any CPU
		{AEBB1107-F7FE-45E7-96D7-6EE9181779B8}.Release|Any CPU.ActiveCfg = Release|Any CPU
		{AEBB1107-F7FE-45E7-96D7-6EE9181779B8}.Release|Any CPU.Build.0 = Release|Any CPU
		{F524E856-2592-4E15-9B8F-626D4BD653D2}.Debug|Any CPU.ActiveCfg = Debug|Any CPU
		{F524E856-2592-4E15-9B8F-626D4BD653D2}.Debug|Any CPU.Build.0 = Debug|Any CPU
		{F524E856-2592-4E15-9B8F-626D4BD653D2}.Release|Any CPU.ActiveCfg = Release|Any CPU
		{F524E856-2592-4E15-9B8F-626D4BD653D2}.Release|Any CPU.Build.0 = Release|Any CPU
		{03CABCB5-C920-4F53-9B46-86F25262057E}.Debug|Any CPU.ActiveCfg = Debug|Any CPU
		{03CABCB5-C920-4F53-9B46-86F25262057E}.Debug|Any CPU.Build.0 = Debug|Any CPU
		{03CABCB5-C920-4F53-9B46-86F25262057E}.Release|Any CPU.ActiveCfg = Release|Any CPU
		{03CABCB5-C920-4F53-9B46-86F25262057E}.Release|Any CPU.Build.0 = Release|Any CPU
		{F80E8F74-F8FC-4387-9D4C-E06AA25C8522}.Debug|Any CPU.ActiveCfg = Debug|Any CPU
		{F80E8F74-F8FC-4387-9D4C-E06AA25C8522}.Debug|Any CPU.Build.0 = Debug|Any CPU
		{F80E8F74-F8FC-4387-9D4C-E06AA25C8522}.Release|Any CPU.ActiveCfg = Release|Any CPU
		{F80E8F74-F8FC-4387-9D4C-E06AA25C8522}.Release|Any CPU.Build.0 = Release|Any CPU
		{393DA209-9389-4975-B4CD-32E4751AA8A1}.Debug|Any CPU.ActiveCfg = Debug|Any CPU
		{393DA209-9389-4975-B4CD-32E4751AA8A1}.Debug|Any CPU.Build.0 = Debug|Any CPU
		{393DA209-9389-4975-B4CD-32E4751AA8A1}.Release|Any CPU.ActiveCfg = Release|Any CPU
		{393DA209-9389-4975-B4CD-32E4751AA8A1}.Release|Any CPU.Build.0 = Release|Any CPU
		{25F64A00-81C7-4A28-8208-B74074D7306A}.Debug|Any CPU.ActiveCfg = Debug|Any CPU
		{25F64A00-81C7-4A28-8208-B74074D7306A}.Debug|Any CPU.Build.0 = Debug|Any CPU
		{25F64A00-81C7-4A28-8208-B74074D7306A}.Release|Any CPU.ActiveCfg = Release|Any CPU
		{25F64A00-81C7-4A28-8208-B74074D7306A}.Release|Any CPU.Build.0 = Release|Any CPU
		{E37F27B2-4BF0-46F7-8685-0EA1A8B0816B}.Debug|Any CPU.ActiveCfg = Debug|Any CPU
		{E37F27B2-4BF0-46F7-8685-0EA1A8B0816B}.Debug|Any CPU.Build.0 = Debug|Any CPU
		{E37F27B2-4BF0-46F7-8685-0EA1A8B0816B}.Release|Any CPU.ActiveCfg = Release|Any CPU
		{E37F27B2-4BF0-46F7-8685-0EA1A8B0816B}.Release|Any CPU.Build.0 = Release|Any CPU
		{4E9714B0-133A-42CA-996A-9F1C40E1BFC5}.Debug|Any CPU.ActiveCfg = Debug|Any CPU
		{4E9714B0-133A-42CA-996A-9F1C40E1BFC5}.Debug|Any CPU.Build.0 = Debug|Any CPU
		{4E9714B0-133A-42CA-996A-9F1C40E1BFC5}.Release|Any CPU.ActiveCfg = Release|Any CPU
		{4E9714B0-133A-42CA-996A-9F1C40E1BFC5}.Release|Any CPU.Build.0 = Release|Any CPU
		{DA061FA5-FEF7-4F48-928B-57F0573CC90B}.Debug|Any CPU.ActiveCfg = Debug|Any CPU
		{DA061FA5-FEF7-4F48-928B-57F0573CC90B}.Debug|Any CPU.Build.0 = Debug|Any CPU
		{DA061FA5-FEF7-4F48-928B-57F0573CC90B}.Release|Any CPU.ActiveCfg = Release|Any CPU
		{DA061FA5-FEF7-4F48-928B-57F0573CC90B}.Release|Any CPU.Build.0 = Release|Any CPU
		{D448EF68-D593-47D3-852D-07452CE354DD}.Debug|Any CPU.ActiveCfg = Debug|Any CPU
		{D448EF68-D593-47D3-852D-07452CE354DD}.Debug|Any CPU.Build.0 = Debug|Any CPU
		{D448EF68-D593-47D3-852D-07452CE354DD}.Release|Any CPU.ActiveCfg = Release|Any CPU
		{D448EF68-D593-47D3-852D-07452CE354DD}.Release|Any CPU.Build.0 = Release|Any CPU
	EndGlobalSection
	GlobalSection(SolutionProperties) = preSolution
		HideSolutionNode = FALSE
	EndGlobalSection
	GlobalSection(NestedProjects) = preSolution
		{AEBB1107-F7FE-45E7-96D7-6EE9181779B8} = {35EA6189-08BD-458D-9FE8-090D2773BFEC}
		{F524E856-2592-4E15-9B8F-626D4BD653D2} = {35EA6189-08BD-458D-9FE8-090D2773BFEC}
		{03CABCB5-C920-4F53-9B46-86F25262057E} = {35EA6189-08BD-458D-9FE8-090D2773BFEC}
		{F80E8F74-F8FC-4387-9D4C-E06AA25C8522} = {35EA6189-08BD-458D-9FE8-090D2773BFEC}
		{393DA209-9389-4975-B4CD-32E4751AA8A1} = {35EA6189-08BD-458D-9FE8-090D2773BFEC}
		{93240887-C96B-4CB3-A56D-D68DD51AC817} = {C0392DF9-F352-45E4-84C7-A13C6E2CFBAC}
		{344860EA-EA7E-4671-8C47-8BFFC508B2C9} = {C0392DF9-F352-45E4-84C7-A13C6E2CFBAC}
		{B078D0D3-EACB-41E1-8C5A-6DACC0B1C12C} = {C0392DF9-F352-45E4-84C7-A13C6E2CFBAC}
		{25F64A00-81C7-4A28-8208-B74074D7306A} = {BCBDC539-E981-40EB-B8D8-481D3EC75771}
		{E37F27B2-4BF0-46F7-8685-0EA1A8B0816B} = {BCBDC539-E981-40EB-B8D8-481D3EC75771}
		{4E9714B0-133A-42CA-996A-9F1C40E1BFC5} = {BCBDC539-E981-40EB-B8D8-481D3EC75771}
		{DA061FA5-FEF7-4F48-928B-57F0573CC90B} = {BCBDC539-E981-40EB-B8D8-481D3EC75771}
		{D448EF68-D593-47D3-852D-07452CE354DD} = {BCBDC539-E981-40EB-B8D8-481D3EC75771}
		{D650A0CA-93CF-4700-8DA2-64F8769ADCFA} = {C0392DF9-F352-45E4-84C7-A13C6E2CFBAC}
		{48E82A64-8DC8-4375-8069-435F8E0AEC21} = {C0392DF9-F352-45E4-84C7-A13C6E2CFBAC}
	EndGlobalSection
	GlobalSection(ExtensibilityGlobals) = postSolution
		SolutionGuid = {55C18BAF-5A9B-4EAD-8E1A-B6804D498046}
	EndGlobalSection
EndGlobal
